
Microsoft Visual Studio Solution File, Format Version 12.00
# Visual Studio Version 16
VisualStudioVersion = 16.0.32002.261
MinimumVisualStudioVersion = 10.0.40219.1
Project("{FAE04EC0-301F-11D3-BF4B-00C04F79EFBC}") = "DatabaseFirstApproach", "DatabaseFirstApproach\DatabaseFirstApproach.csproj", "{1098D1BC-3E95-41EA-9972-A410AB5499DB}"
EndProject
Global
	GlobalSection(SolutionConfigurationPlatforms) = preSolution
		Debug|Any CPU = Debug|Any CPU
		Release|Any CPU = Release|Any CPU
	EndGlobalSection
	GlobalSection(ProjectConfigurationPlatforms) = postSolution
		{1098D1BC-3E95-41EA-9972-A410AB5499DB}.Debug|Any CPU.ActiveCfg = Debug|Any CPU
		{1098D1BC-3E95-41EA-9972-A410AB5499DB}.Debug|Any CPU.Build.0 = Debug|Any CPU
		{1098D1BC-3E95-41EA-9972-A410AB5499DB}.Release|Any CPU.ActiveCfg = Release|Any CPU
		{1098D1BC-3E95-41EA-9972-A410AB5499DB}.Release|Any CPU.Build.0 = Release|Any CPU
	EndGlobalSection
	GlobalSection(SolutionProperties) = preSolution
		HideSolutionNode = FALSE
	EndGlobalSection
	GlobalSection(ExtensibilityGlobals) = postSolution
		SolutionGuid = {A09A75C5-3A42-430B-98EC-9C5E8A6AC6A2}
	EndGlobalSection
EndGlobal
